{
  "name": "aspire-skills",
  "version": "0.0.2",
  "lockfileVersion": 3,
  "requires": true,
  "packages": {
    "": {
      "name": "aspire-skills",
      "version": "0.0.2",
      "devDependencies": {
        "yaml": "2.9.0"
      }
    },
    "node_modules/yaml": {
      "version": "2.9.0",
      "integrity": "sha1-eCdK/ZNZih391hMN9qVm3vy/mqQ=",
      "dev": true,
      "license": "ISC",
      "bin": {
        "yaml": "bin.mjs"
      },
      "engines": {
        "node": ">= 14.6"
      },
      "funding": {
        "url": "https://github.com/sponsors/eemeli"
      }
    }
  }
}
